<?xml version="1.0" encoding="utf-8"?>
<Project ToolsVersion="4.0" xmlns="http://schemas.microsoft.com/developer/msbuild/2003">
  <ItemGroup>
    <ClCompile Include="src\ofApp.cpp">
      <Filter>src</Filter>
    </ClCompile>
    <ClCompile Include="src\main.cpp">
      <Filter>src</Filter>
    </ClCompile>
    <ClCompile Include="src\Bus.cpp">
      <Filter>src</Filter>
    </ClCompile>
    <ClCompile Include="src\main.cpp">
      <Filter>src</Filter>
    </ClCompile>
    <ClCompile Include="src\MatrixMap.cpp">
      <Filter>src</Filter>
    </ClCompile>
    <ClCompile Include="src\ofApp.cpp">
      <Filter>src</Filter>
    </ClCompile>
    <ClCompile Include="src\ofxJSON\src\json\jsoncpp.cpp">
      <Filter>src\ofxJSON\src\json</Filter>
    </ClCompile>
    <ClCompile Include="src\ofxJSON\src\ofxJSONElement.cpp">
      <Filter>src\ofxJSON\src</Filter>
    </ClCompile>
    <ClCompile Include="src\ofxXmlSettings\libs\tinyxml.cpp">
      <Filter>src\ofxXmlSettings\libs</Filter>
    </ClCompile>
    <ClCompile Include="src\ofxXmlSettings\libs\tinyxmlerror.cpp">
      <Filter>src\ofxXmlSettings\libs</Filter>
    </ClCompile>
    <ClCompile Include="src\ofxXmlSettings\libs\tinyxmlparser.cpp">
      <Filter>src\ofxXmlSettings\libs</Filter>
    </ClCompile>
    <ClCompile Include="src\ofxXmlSettings\src\ofxXmlSettings.cpp">
      <Filter>src\ofxXmlSettings\src</Filter>
    </ClCompile>
    <ClCompile Include="src\CamControl.cpp">
      <Filter>src</Filter>
    </ClCompile>
    <ClCompile Include="src\ParsingBus.cpp">
      <Filter>src</Filter>
    </ClCompile>
  </ItemGroup>
  <ItemGroup>
    <Filter Include="src">
      <UniqueIdentifier>{d8376475-7454-4a24-b08a-aac121d3ad6f}</UniqueIdentifier>
    </Filter>
    <Filter Include="src\ofxJSON">
      <UniqueIdentifier>{5189B31C-843A-29F0-10A4-B1E7}</UniqueIdentifier>
    </Filter>
    <Filter Include="src\ofxJSON\src">
      <UniqueIdentifier>{327DADB1-9AA6-C572-6E3B-3112}</UniqueIdentifier>
    </Filter>
    <Filter Include="src\ofxJSON\src\json">
      <UniqueIdentifier>{D6208166-2525-8FFB-8A13-7764}</UniqueIdentifier>
    </Filter>
    <Filter Include="src\ofxXmlSettings">
      <UniqueIdentifier>{b112e5db-b33c-4b4a-a257-13f59b1620d7}</UniqueIdentifier>
    </Filter>
    <Filter Include="src\ofxXmlSettings\libs">
      <UniqueIdentifier>{3d6e3c83-d145-4d68-9b23-34cf72123ec5}</UniqueIdentifier>
    </Filter>
    <Filter Include="src\ofxXmlSettings\src">
      <UniqueIdentifier>{e8b9b471-629f-489f-9bd6-3693eb7636c2}</UniqueIdentifier>
    </Filter>
  </ItemGroup>
  <ItemGroup>
    <ClInclude Include="src\ofApp.h">
      <Filter>src</Filter>
    </ClInclude>
    <ClInclude Include="src\Bus.h">
      <Filter>src</Filter>
    </ClInclude>
    <ClInclude Include="src\MatrixMap.h">
      <Filter>src</Filter>
    </ClInclude>
    <ClInclude Include="src\ofApp.h">
      <Filter>src</Filter>
    </ClInclude>
    <ClInclude Include="src\ofxJSON\src\json\json-forwards.h">
      <Filter>src\ofxJSON\src\json</Filter>
    </ClInclude>
    <ClInclude Include="src\ofxJSON\src\json\json.h">
      <Filter>src\ofxJSON\src\json</Filter>
    </ClInclude>
    <ClInclude Include="src\ofxJSON\src\ofxJSON.h">
      <Filter>src\ofxJSON\src</Filter>
    </ClInclude>
    <ClInclude Include="src\ofxJSON\src\ofxJSONElement.h">
      <Filter>src\ofxJSON\src</Filter>
    </ClInclude>
    <ClInclude Include="src\ofxXmlSettings\libs\tinyxml.h">
      <Filter>src\ofxXmlSettings\libs</Filter>
    </ClInclude>
    <ClInclude Include="src\ofxXmlSettings\src\ofxXmlSettings.h">
      <Filter>src\ofxXmlSettings\src</Filter>
    </ClInclude>
    <ClInclude Include="src\CamControl.h">
      <Filter>src</Filter>
    </ClInclude>
    <ClInclude Include="src\ParsingBus.h">
      <Filter>src</Filter>
    </ClInclude>
  </ItemGroup>
  <ItemGroup>
    <ResourceCompile Include="icon.rc" />
  </ItemGroup>
</Project>